# This file was autogenerated by Stack.
# You should not edit this file by hand.
# For more information, please see the documentation at:
#   https://docs.haskellstack.org/en/stable/lock_files

packages:
- completed:
    name: pandoc-sidenote
    version: 0.22.2.0
    git: https://github.com/jez/pandoc-sidenote.git
    pantry-tree:
      size: 575
      sha256: 45a4f6017904d000a25f0ddcd7a1b92c3ef9926dfb4b35630878908e10cf62fa
    commit: c9dfcadfcff475e6e26626af379b8b6d3f38d187
  original:
    git: https://github.com/jez/pandoc-sidenote.git
    commit: c9dfcadfcff475e6e26626af379b8b6d3f38d187
snapshots:
- completed:
    size: 616897
    url: https://raw.githubusercontent.com/commercialhaskell/stackage-snapshots/master/lts/19/0.yaml
    sha256: bbf2be02f17940bac1f87cb462d4fb0c3355de6dcfc53d84f4f9ad3ee2164f65
  original: lts-19.0
